
Microsoft Visual Studio Solution File, Format Version 12.00
# Visual Studio Version 17
VisualStudioVersion = 17.6.33801.468
MinimumVisualStudioVersion = 10.0.40219.1
Project("{FAE04EC0-301F-11D3-BF4B-00C04F79EFBC}") = "ChudoObuv", "ChudoObuv.csproj", "{84A8B0E0-680D-4A17-88D5-4D2ACFDAECFB}"
EndProject
Global
	GlobalSection(SolutionConfigurationPlatforms) = preSolution
		Debug|Any CPU = Debug|Any CPU
		Release|Any CPU = Release|Any CPU
	EndGlobalSection
	GlobalSection(ProjectConfigurationPlatforms) = postSolution
		{84A8B0E0-680D-4A17-88D5-4D2ACFDAECFB}.Debug|Any CPU.ActiveCfg = Debug|Any CPU
		{84A8B0E0-680D-4A17-88D5-4D2ACFDAECFB}.Debug|Any CPU.Build.0 = Debug|Any CPU
		{84A8B0E0-680D-4A17-88D5-4D2ACFDAECFB}.Release|Any CPU.ActiveCfg = Release|Any CPU
		{84A8B0E0-680D-4A17-88D5-4D2ACFDAECFB}.Release|Any CPU.Build.0 = Release|Any CPU
	EndGlobalSection
	GlobalSection(SolutionProperties) = preSolution
		HideSolutionNode = FALSE
	EndGlobalSection
	GlobalSection(ExtensibilityGlobals) = postSolution
		SolutionGuid = {6C05B4B3-A470-4BD4-8950-66A8210DFCA6}
	EndGlobalSection
EndGlobal
